{
  "nodes": {
    "nixpkgs": {
      "locked": {
        "lastModified": 1672686111,
        "narHash": "sha256-7otTe3dIGdqBiK9f6LEi+fgWUbIxMLd06phv1NyNb8I=",
        "owner": "nixos",
        "repo": "nixpkgs",
        "rev": "9f5839a6ea0e62a85c8ed35eb6b665fe778c3b4a",
        "type": "github"
      },
      "original": {
        "owner": "nixos",
        "repo": "nixpkgs",
        "type": "github"
      }
    },
    "root": {
      "inputs": {
        "nixpkgs": "nixpkgs"
      }
    }
  },
  "root": "root",
  "version": 7
}
