{
  "nodes": {
    "nixpkgs": {
      "locked": {
        "lastModified": 1660440141,
        "narHash": "sha256-r7flYCqyBzIsvQCbhx6YQOxr0X1UuHUtpoGbcDXlRqU=",
        "owner": "nixos",
        "repo": "nixpkgs",
        "rev": "a50594822c73de196d148991eb110f6484fd123b",
        "type": "github"
      },
      "original": {
        "owner": "nixos",
        "repo": "nixpkgs",
        "type": "github"
      }
    },
    "root": {
      "inputs": {
        "nixpkgs": "nixpkgs"
      }
    }
  },
  "root": "root",
  "version": 7
}
