{
  "nodes": {
    "nixpkgs": {
      "locked": {
        "lastModified": 1669052613,
        "narHash": "sha256-u6+SfRhx4L1p+H0/5dL2zprVDHzQ2DJ1d5ncd0Fd1WI=",
        "owner": "nixos",
        "repo": "nixpkgs",
        "rev": "debe1b93c9ec3651fbb57060468b9f78873468c8",
        "type": "github"
      },
      "original": {
        "owner": "nixos",
        "repo": "nixpkgs",
        "type": "github"
      }
    },
    "root": {
      "inputs": {
        "nixpkgs": "nixpkgs"
      }
    }
  },
  "root": "root",
  "version": 7
}
